// !$*UTF8*$!
{
	archiveVersion = 1;
	classes = {
	};
	objectVersion = 51;
	objects = {

/* Begin PBXBuildFile section */
		745FCD39C2E2BC59561D3B94 /* Pods_EmpireMobileAppTests.framework in Frameworks */ = {isa = PBXBuildFile; fileRef = C884EA6A4F7F3046121EA2A3 /* Pods_EmpireMobileAppTests.framework */; };
		9FB8971B235231BD004C3B85 /* AppDelegate.swift in Sources */ = {isa = PBXBuildFile; fileRef = 9FB8971A235231BD004C3B85 /* AppDelegate.swift */; };
		9FB89724235231C0004C3B85 /* Assets.xcassets in Resources */ = {isa = PBXBuildFile; fileRef = 9FB89723235231C0004C3B85 /* Assets.xcassets */; };
		9FB89727235231C0004C3B85 /* LaunchScreen.storyboard in Resources */ = {isa = PBXBuildFile; fileRef = 9FB89725235231C0004C3B85 /* LaunchScreen.storyboard */; };
		9FB8973D235231C1004C3B85 /* EmpireMobileAppUITests.swift in Sources */ = {isa = PBXBuildFile; fileRef = 9FB8973C235231C1004C3B85 /* EmpireMobileAppUITests.swift */; };
		9FB8976423523614004C3B85 /* AppService.swift in Sources */ = {isa = PBXBuildFile; fileRef = 9FB8975223523614004C3B85 /* AppService.swift */; };
		9FB8976523523614004C3B85 /* Network.swift in Sources */ = {isa = PBXBuildFile; fileRef = 9FB8975423523614004C3B85 /* Network.swift */; };
		9FB8976623523614004C3B85 /* NetworkRequest.swift in Sources */ = {isa = PBXBuildFile; fileRef = 9FB8975523523614004C3B85 /* NetworkRequest.swift */; };
		9FB8976723523614004C3B85 /* NetworkProxy.swift in Sources */ = {isa = PBXBuildFile; fileRef = 9FB8975623523614004C3B85 /* NetworkProxy.swift */; };
		9FB8976823523614004C3B85 /* NetworkConstants.swift in Sources */ = {isa = PBXBuildFile; fileRef = 9FB8975723523614004C3B85 /* NetworkConstants.swift */; };
		9FB897732352527E004C3B85 /* PilotEntity.swift in Sources */ = {isa = PBXBuildFile; fileRef = 9FB897722352527E004C3B85 /* PilotEntity.swift */; };
		9FB89775235252A1004C3B85 /* DistanceEntity.swift in Sources */ = {isa = PBXBuildFile; fileRef = 9FB89774235252A1004C3B85 /* DistanceEntity.swift */; };
		9FB89777235252B6004C3B85 /* LocationEntity.swift in Sources */ = {isa = PBXBuildFile; fileRef = 9FB89776235252B6004C3B85 /* LocationEntity.swift */; };
		9FB89779235252CC004C3B85 /* TripEntity.swift in Sources */ = {isa = PBXBuildFile; fileRef = 9FB89778235252CC004C3B85 /* TripEntity.swift */; };
		9FB8977B235257C3004C3B85 /* PilotEntityDataMapper.swift in Sources */ = {isa = PBXBuildFile; fileRef = 9FB8977A235257C3004C3B85 /* PilotEntityDataMapper.swift */; };
		9FB8977E235258AE004C3B85 /* Pilot.swift in Sources */ = {isa = PBXBuildFile; fileRef = 9FB8977D235258AE004C3B85 /* Pilot.swift */; };
		9FB89780235258E0004C3B85 /* Distance.swift in Sources */ = {isa = PBXBuildFile; fileRef = 9FB8977F235258E0004C3B85 /* Distance.swift */; };
		9FB8978223525941004C3B85 /* Location.swift in Sources */ = {isa = PBXBuildFile; fileRef = 9FB8978123525941004C3B85 /* Location.swift */; };
		9FB897842352597B004C3B85 /* Trip.swift in Sources */ = {isa = PBXBuildFile; fileRef = 9FB897832352597B004C3B85 /* Trip.swift */; };
		9FB8978623525B05004C3B85 /* DistanceEntityDataMapper.swift in Sources */ = {isa = PBXBuildFile; fileRef = 9FB8978523525B05004C3B85 /* DistanceEntityDataMapper.swift */; };
		9FB8978823525B13004C3B85 /* LocationEntityDataMapper.swift in Sources */ = {isa = PBXBuildFile; fileRef = 9FB8978723525B13004C3B85 /* LocationEntityDataMapper.swift */; };
		9FB8978A23525B1E004C3B85 /* TripEntityDataMapper.swift in Sources */ = {isa = PBXBuildFile; fileRef = 9FB8978923525B1E004C3B85 /* TripEntityDataMapper.swift */; };
		9FB8978E23528CBA004C3B85 /* TripRepository.swift in Sources */ = {isa = PBXBuildFile; fileRef = 9FB8978D23528CBA004C3B85 /* TripRepository.swift */; };
		9FB8979023528D3B004C3B85 /* GetTripsUseCase.swift in Sources */ = {isa = PBXBuildFile; fileRef = 9FB8978F23528D3B004C3B85 /* GetTripsUseCase.swift */; };
		9FB8979223528EE6004C3B85 /* BaseUseCase.swift in Sources */ = {isa = PBXBuildFile; fileRef = 9FB8979123528EE6004C3B85 /* BaseUseCase.swift */; };
		9FB8979423528F48004C3B85 /* TripRepositoryImpl.swift in Sources */ = {isa = PBXBuildFile; fileRef = 9FB8979323528F48004C3B85 /* TripRepositoryImpl.swift */; };
		9FB89797235291D1004C3B85 /* GetTripUseCase.swift in Sources */ = {isa = PBXBuildFile; fileRef = 9FB89796235291D1004C3B85 /* GetTripUseCase.swift */; };
		9FB8979D23531E77004C3B85 /* TripListViewController.swift in Sources */ = {isa = PBXBuildFile; fileRef = 9FB8979B23531E77004C3B85 /* TripListViewController.swift */; };
		9FB8979E23531E77004C3B85 /* TripListViewController.xib in Resources */ = {isa = PBXBuildFile; fileRef = 9FB8979C23531E77004C3B85 /* TripListViewController.xib */; };
		9FB897A023531E89004C3B85 /* TripListViewModel.swift in Sources */ = {isa = PBXBuildFile; fileRef = 9FB8979F23531E89004C3B85 /* TripListViewModel.swift */; };
		9FB897A723531ECE004C3B85 /* TripCell.swift in Sources */ = {isa = PBXBuildFile; fileRef = 9FB897A523531ECE004C3B85 /* TripCell.swift */; };
		9FB897A823531ECE004C3B85 /* TripCell.xib in Resources */ = {isa = PBXBuildFile; fileRef = 9FB897A623531ECE004C3B85 /* TripCell.xib */; };
		9FB897AB2353210C004C3B85 /* TripDetailViewController.swift in Sources */ = {isa = PBXBuildFile; fileRef = 9FB897A92353210C004C3B85 /* TripDetailViewController.swift */; };
		9FB897AC2353210C004C3B85 /* TripDetailViewController.xib in Resources */ = {isa = PBXBuildFile; fileRef = 9FB897AA2353210C004C3B85 /* TripDetailViewController.xib */; };
		9FB897AE2353211D004C3B85 /* TripDetailViewModel.swift in Sources */ = {isa = PBXBuildFile; fileRef = 9FB897AD2353211D004C3B85 /* TripDetailViewModel.swift */; };
		9FB897B123532339004C3B85 /* RatingView.swift in Sources */ = {isa = PBXBuildFile; fileRef = 9FB897B023532339004C3B85 /* RatingView.swift */; };
		9FB897B32353234F004C3B85 /* RatingView.xib in Resources */ = {isa = PBXBuildFile; fileRef = 9FB897B22353234F004C3B85 /* RatingView.xib */; };
		9FB897B52353261C004C3B85 /* RatingViewViewModel.swift in Sources */ = {isa = PBXBuildFile; fileRef = 9FB897B42353261C004C3B85 /* RatingViewViewModel.swift */; };
		9FB897B823533E94004C3B85 /* Default-568h@2x.png in Resources */ = {isa = PBXBuildFile; fileRef = 9FB897B723533E94004C3B85 /* Default-568h@2x.png */; };
		9FB897BA235341AC004C3B85 /* TripCellViewModel.swift in Sources */ = {isa = PBXBuildFile; fileRef = 9FB897B9235341AC004C3B85 /* TripCellViewModel.swift */; };
		9FB897BD23535A13004C3B85 /* TripCoordinator.swift in Sources */ = {isa = PBXBuildFile; fileRef = 9FB897BC23535A13004C3B85 /* TripCoordinator.swift */; };
		9FB897C023537657004C3B85 /* NibView.swift in Sources */ = {isa = PBXBuildFile; fileRef = 9FB897BF23537657004C3B85 /* NibView.swift */; };
		9FB897C223537696004C3B85 /* UIViewExtension.swift in Sources */ = {isa = PBXBuildFile; fileRef = 9FB897C123537696004C3B85 /* UIViewExtension.swift */; };
		9FB897C42354A9D1004C3B85 /* Mock.generated.swift in Sources */ = {isa = PBXBuildFile; fileRef = 9FB897C32354A9D1004C3B85 /* Mock.generated.swift */; };
		9FB897C62354AEC5004C3B85 /* TripListViewModelTests.swift in Sources */ = {isa = PBXBuildFile; fileRef = 9FB897C52354AEC5004C3B85 /* TripListViewModelTests.swift */; };
		9FB897C82354AEEE004C3B85 /* TripDetailViewModelTests.swift in Sources */ = {isa = PBXBuildFile; fileRef = 9FB897C72354AEEE004C3B85 /* TripDetailViewModelTests.swift */; };
		F6502AF8211261D13099B191 /* Pods_EmpireMobileAppUITests.framework in Frameworks */ = {isa = PBXBuildFile; fileRef = 6326B5020A2D097ECB3E1FAD /* Pods_EmpireMobileAppUITests.framework */; };
		FE789A4FCE519F01F156DF15 /* Pods_EmpireMobileApp.framework in Frameworks */ = {isa = PBXBuildFile; fileRef = E269977F6FB23FD14D146F86 /* Pods_EmpireMobileApp.framework */; };
/* End PBXBuildFile section */

/* Begin PBXContainerItemProxy section */
		9FB8972E235231C1004C3B85 /* PBXContainerItemProxy */ = {
			isa = PBXContainerItemProxy;
			containerPortal = 9FB8970F235231BD004C3B85 /* Project object */;
			proxyType = 1;
			remoteGlobalIDString = 9FB89716235231BD004C3B85;
			remoteInfo = EmpireMobileApp;
		};
		9FB89739235231C1004C3B85 /* PBXContainerItemProxy */ = {
			isa = PBXContainerItemProxy;
			containerPortal = 9FB8970F235231BD004C3B85 /* Project object */;
			proxyType = 1;
			remoteGlobalIDString = 9FB89716235231BD004C3B85;
			remoteInfo = EmpireMobileApp;
		};
/* End PBXContainerItemProxy section */

/* Begin PBXFileReference section */
		54455089E435D1BABE4390C5 /* Pods-EmpireMobileAppTests.release.xcconfig */ = {isa = PBXFileReference; includeInIndex = 1; lastKnownFileType = text.xcconfig; name = "Pods-EmpireMobileAppTests.release.xcconfig"; path = "Target Support Files/Pods-EmpireMobileAppTests/Pods-EmpireMobileAppTests.release.xcconfig"; sourceTree = "<group>"; };
		60003DA42FBB17B3408345D5 /* Pods-EmpireMobileApp.release.xcconfig */ = {isa = PBXFileReference; includeInIndex = 1; lastKnownFileType = text.xcconfig; name = "Pods-EmpireMobileApp.release.xcconfig"; path = "Target Support Files/Pods-EmpireMobileApp/Pods-EmpireMobileApp.release.xcconfig"; sourceTree = "<group>"; };
		6326B5020A2D097ECB3E1FAD /* Pods_EmpireMobileAppUITests.framework */ = {isa = PBXFileReference; explicitFileType = wrapper.framework; includeInIndex = 0; path = Pods_EmpireMobileAppUITests.framework; sourceTree = BUILT_PRODUCTS_DIR; };
		6A313B1F1340DAB7900D26BF /* Pods-EmpireMobileAppTests.debug.xcconfig */ = {isa = PBXFileReference; includeInIndex = 1; lastKnownFileType = text.xcconfig; name = "Pods-EmpireMobileAppTests.debug.xcconfig"; path = "Target Support Files/Pods-EmpireMobileAppTests/Pods-EmpireMobileAppTests.debug.xcconfig"; sourceTree = "<group>"; };
		7BFDA84938F8D34E065A5E69 /* Pods-EmpireMobileApp.debug.xcconfig */ = {isa = PBXFileReference; includeInIndex = 1; lastKnownFileType = text.xcconfig; name = "Pods-EmpireMobileApp.debug.xcconfig"; path = "Target Support Files/Pods-EmpireMobileApp/Pods-EmpireMobileApp.debug.xcconfig"; sourceTree = "<group>"; };
		9FB89717235231BD004C3B85 /* EmpireMobileApp.app */ = {isa = PBXFileReference; explicitFileType = wrapper.application; includeInIndex = 0; path = EmpireMobileApp.app; sourceTree = BUILT_PRODUCTS_DIR; };
		9FB8971A235231BD004C3B85 /* AppDelegate.swift */ = {isa = PBXFileReference; lastKnownFileType = sourcecode.swift; path = AppDelegate.swift; sourceTree = "<group>"; };
		9FB89723235231C0004C3B85 /* Assets.xcassets */ = {isa = PBXFileReference; lastKnownFileType = folder.assetcatalog; path = Assets.xcassets; sourceTree = "<group>"; };
		9FB89726235231C0004C3B85 /* Base */ = {isa = PBXFileReference; lastKnownFileType = file.storyboard; name = Base; path = Base.lproj/LaunchScreen.storyboard; sourceTree = "<group>"; };
		9FB89728235231C0004C3B85 /* Info.plist */ = {isa = PBXFileReference; lastKnownFileType = text.plist.xml; path = Info.plist; sourceTree = "<group>"; };
		9FB8972D235231C1004C3B85 /* EmpireMobileAppTests.xctest */ = {isa = PBXFileReference; explicitFileType = wrapper.cfbundle; includeInIndex = 0; path = EmpireMobileAppTests.xctest; sourceTree = BUILT_PRODUCTS_DIR; };
		9FB89733235231C1004C3B85 /* Info.plist */ = {isa = PBXFileReference; lastKnownFileType = text.plist.xml; path = Info.plist; sourceTree = "<group>"; };
		9FB89738235231C1004C3B85 /* EmpireMobileAppUITests.xctest */ = {isa = PBXFileReference; explicitFileType = wrapper.cfbundle; includeInIndex = 0; path = EmpireMobileAppUITests.xctest; sourceTree = BUILT_PRODUCTS_DIR; };
		9FB8973C235231C1004C3B85 /* EmpireMobileAppUITests.swift */ = {isa = PBXFileReference; lastKnownFileType = sourcecode.swift; path = EmpireMobileAppUITests.swift; sourceTree = "<group>"; };
		9FB8973E235231C1004C3B85 /* Info.plist */ = {isa = PBXFileReference; lastKnownFileType = text.plist.xml; path = Info.plist; sourceTree = "<group>"; };
		9FB8975223523614004C3B85 /* AppService.swift */ = {isa = PBXFileReference; fileEncoding = 4; lastKnownFileType = sourcecode.swift; path = AppService.swift; sourceTree = "<group>"; };
		9FB8975423523614004C3B85 /* Network.swift */ = {isa = PBXFileReference; fileEncoding = 4; lastKnownFileType = sourcecode.swift; path = Network.swift; sourceTree = "<group>"; };
		9FB8975523523614004C3B85 /* NetworkRequest.swift */ = {isa = PBXFileReference; fileEncoding = 4; lastKnownFileType = sourcecode.swift; path = NetworkRequest.swift; sourceTree = "<group>"; };
		9FB8975623523614004C3B85 /* NetworkProxy.swift */ = {isa = PBXFileReference; fileEncoding = 4; lastKnownFileType = sourcecode.swift; path = NetworkProxy.swift; sourceTree = "<group>"; };
		9FB8975723523614004C3B85 /* NetworkConstants.swift */ = {isa = PBXFileReference; fileEncoding = 4; lastKnownFileType = sourcecode.swift; path = NetworkConstants.swift; sourceTree = "<group>"; };
		9FB897722352527E004C3B85 /* PilotEntity.swift */ = {isa = PBXFileReference; lastKnownFileType = sourcecode.swift; path = PilotEntity.swift; sourceTree = "<group>"; };
		9FB89774235252A1004C3B85 /* DistanceEntity.swift */ = {isa = PBXFileReference; lastKnownFileType = sourcecode.swift; path = DistanceEntity.swift; sourceTree = "<group>"; };
		9FB89776235252B6004C3B85 /* LocationEntity.swift */ = {isa = PBXFileReference; lastKnownFileType = sourcecode.swift; path = LocationEntity.swift; sourceTree = "<group>"; };
		9FB89778235252CC004C3B85 /* TripEntity.swift */ = {isa = PBXFileReference; lastKnownFileType = sourcecode.swift; path = TripEntity.swift; sourceTree = "<group>"; };
		9FB8977A235257C3004C3B85 /* PilotEntityDataMapper.swift */ = {isa = PBXFileReference; lastKnownFileType = sourcecode.swift; path = PilotEntityDataMapper.swift; sourceTree = "<group>"; };
		9FB8977D235258AE004C3B85 /* Pilot.swift */ = {isa = PBXFileReference; lastKnownFileType = sourcecode.swift; path = Pilot.swift; sourceTree = "<group>"; };
		9FB8977F235258E0004C3B85 /* Distance.swift */ = {isa = PBXFileReference; lastKnownFileType = sourcecode.swift; path = Distance.swift; sourceTree = "<group>"; };
		9FB8978123525941004C3B85 /* Location.swift */ = {isa = PBXFileReference; lastKnownFileType = sourcecode.swift; path = Location.swift; sourceTree = "<group>"; };
		9FB897832352597B004C3B85 /* Trip.swift */ = {isa = PBXFileReference; lastKnownFileType = sourcecode.swift; path = Trip.swift; sourceTree = "<group>"; };
		9FB8978523525B05004C3B85 /* DistanceEntityDataMapper.swift */ = {isa = PBXFileReference; lastKnownFileType = sourcecode.swift; path = DistanceEntityDataMapper.swift; sourceTree = "<group>"; };
		9FB8978723525B13004C3B85 /* LocationEntityDataMapper.swift */ = {isa = PBXFileReference; lastKnownFileType = sourcecode.swift; path = LocationEntityDataMapper.swift; sourceTree = "<group>"; };
		9FB8978923525B1E004C3B85 /* TripEntityDataMapper.swift */ = {isa = PBXFileReference; lastKnownFileType = sourcecode.swift; path = TripEntityDataMapper.swift; sourceTree = "<group>"; };
		9FB8978D23528CBA004C3B85 /* TripRepository.swift */ = {isa = PBXFileReference; lastKnownFileType = sourcecode.swift; path = TripRepository.swift; sourceTree = "<group>"; };
		9FB8978F23528D3B004C3B85 /* GetTripsUseCase.swift */ = {isa = PBXFileReference; lastKnownFileType = sourcecode.swift; path = GetTripsUseCase.swift; sourceTree = "<group>"; };
		9FB8979123528EE6004C3B85 /* BaseUseCase.swift */ = {isa = PBXFileReference; lastKnownFileType = sourcecode.swift; path = BaseUseCase.swift; sourceTree = "<group>"; };
		9FB8979323528F48004C3B85 /* TripRepositoryImpl.swift */ = {isa = PBXFileReference; lastKnownFileType = sourcecode.swift; path = TripRepositoryImpl.swift; sourceTree = "<group>"; };
		9FB89796235291D1004C3B85 /* GetTripUseCase.swift */ = {isa = PBXFileReference; lastKnownFileType = sourcecode.swift; path = GetTripUseCase.swift; sourceTree = "<group>"; };
		9FB8979B23531E77004C3B85 /* TripListViewController.swift */ = {isa = PBXFileReference; lastKnownFileType = sourcecode.swift; path = TripListViewController.swift; sourceTree = "<group>"; };
		9FB8979C23531E77004C3B85 /* TripListViewController.xib */ = {isa = PBXFileReference; lastKnownFileType = file.xib; path = TripListViewController.xib; sourceTree = "<group>"; };
		9FB8979F23531E89004C3B85 /* TripListViewModel.swift */ = {isa = PBXFileReference; lastKnownFileType = sourcecode.swift; path = TripListViewModel.swift; sourceTree = "<group>"; };
		9FB897A523531ECE004C3B85 /* TripCell.swift */ = {isa = PBXFileReference; lastKnownFileType = sourcecode.swift; path = TripCell.swift; sourceTree = "<group>"; };
		9FB897A623531ECE004C3B85 /* TripCell.xib */ = {isa = PBXFileReference; lastKnownFileType = file.xib; path = TripCell.xib; sourceTree = "<group>"; };
		9FB897A92353210C004C3B85 /* TripDetailViewController.swift */ = {isa = PBXFileReference; lastKnownFileType = sourcecode.swift; path = TripDetailViewController.swift; sourceTree = "<group>"; };
		9FB897AA2353210C004C3B85 /* TripDetailViewController.xib */ = {isa = PBXFileReference; lastKnownFileType = file.xib; path = TripDetailViewController.xib; sourceTree = "<group>"; };
		9FB897AD2353211D004C3B85 /* TripDetailViewModel.swift */ = {isa = PBXFileReference; lastKnownFileType = sourcecode.swift; path = TripDetailViewModel.swift; sourceTree = "<group>"; };
		9FB897B023532339004C3B85 /* RatingView.swift */ = {isa = PBXFileReference; lastKnownFileType = sourcecode.swift; path = RatingView.swift; sourceTree = "<group>"; };
		9FB897B22353234F004C3B85 /* RatingView.xib */ = {isa = PBXFileReference; lastKnownFileType = file.xib; path = RatingView.xib; sourceTree = "<group>"; };
		9FB897B42353261C004C3B85 /* RatingViewViewModel.swift */ = {isa = PBXFileReference; lastKnownFileType = sourcecode.swift; path = RatingViewViewModel.swift; sourceTree = "<group>"; };
		9FB897B723533E94004C3B85 /* Default-568h@2x.png */ = {isa = PBXFileReference; lastKnownFileType = image.png; path = "Default-568h@2x.png"; sourceTree = "<group>"; };
		9FB897B9235341AC004C3B85 /* TripCellViewModel.swift */ = {isa = PBXFileReference; lastKnownFileType = sourcecode.swift; path = TripCellViewModel.swift; sourceTree = "<group>"; };
		9FB897BC23535A13004C3B85 /* TripCoordinator.swift */ = {isa = PBXFileReference; lastKnownFileType = sourcecode.swift; path = TripCoordinator.swift; sourceTree = "<group>"; };
		9FB897BF23537657004C3B85 /* NibView.swift */ = {isa = PBXFileReference; lastKnownFileType = sourcecode.swift; path = NibView.swift; sourceTree = "<group>"; };
		9FB897C123537696004C3B85 /* UIViewExtension.swift */ = {isa = PBXFileReference; lastKnownFileType = sourcecode.swift; path = UIViewExtension.swift; sourceTree = "<group>"; };
		9FB897C32354A9D1004C3B85 /* Mock.generated.swift */ = {isa = PBXFileReference; fileEncoding = 4; lastKnownFileType = sourcecode.swift; path = Mock.generated.swift; sourceTree = "<group>"; };
		9FB897C52354AEC5004C3B85 /* TripListViewModelTests.swift */ = {isa = PBXFileReference; lastKnownFileType = sourcecode.swift; path = TripListViewModelTests.swift; sourceTree = "<group>"; };
		9FB897C72354AEEE004C3B85 /* TripDetailViewModelTests.swift */ = {isa = PBXFileReference; lastKnownFileType = sourcecode.swift; path = TripDetailViewModelTests.swift; sourceTree = "<group>"; };
		A087C61F03B37DDE06FEDDAB /* Pods-EmpireMobileAppUITests.release.xcconfig */ = {isa = PBXFileReference; includeInIndex = 1; lastKnownFileType = text.xcconfig; name = "Pods-EmpireMobileAppUITests.release.xcconfig"; path = "Target Support Files/Pods-EmpireMobileAppUITests/Pods-EmpireMobileAppUITests.release.xcconfig"; sourceTree = "<group>"; };
		C884EA6A4F7F3046121EA2A3 /* Pods_EmpireMobileAppTests.framework */ = {isa = PBXFileReference; explicitFileType = wrapper.framework; includeInIndex = 0; path = Pods_EmpireMobileAppTests.framework; sourceTree = BUILT_PRODUCTS_DIR; };
		E269977F6FB23FD14D146F86 /* Pods_EmpireMobileApp.framework */ = {isa = PBXFileReference; explicitFileType = wrapper.framework; includeInIndex = 0; path = Pods_EmpireMobileApp.framework; sourceTree = BUILT_PRODUCTS_DIR; };
		F43F8EA97ACCB8D23CA05C83 /* Pods-EmpireMobileAppUITests.debug.xcconfig */ = {isa = PBXFileReference; includeInIndex = 1; lastKnownFileType = text.xcconfig; name = "Pods-EmpireMobileAppUITests.debug.xcconfig"; path = "Target Support Files/Pods-EmpireMobileAppUITests/Pods-EmpireMobileAppUITests.debug.xcconfig"; sourceTree = "<group>"; };
/* End PBXFileReference section */

/* Begin PBXFrameworksBuildPhase section */
		9FB89714235231BD004C3B85 /* Frameworks */ = {
			isa = PBXFrameworksBuildPhase;
			buildActionMask = 2147483647;
			files = (
				FE789A4FCE519F01F156DF15 /* Pods_EmpireMobileApp.framework in Frameworks */,
			);
			runOnlyForDeploymentPostprocessing = 0;
		};
		9FB8972A235231C1004C3B85 /* Frameworks */ = {
			isa = PBXFrameworksBuildPhase;
			buildActionMask = 2147483647;
			files = (
				745FCD39C2E2BC59561D3B94 /* Pods_EmpireMobileAppTests.framework in Frameworks */,
			);
			runOnlyForDeploymentPostprocessing = 0;
		};
		9FB89735235231C1004C3B85 /* Frameworks */ = {
			isa = PBXFrameworksBuildPhase;
			buildActionMask = 2147483647;
			files = (
				F6502AF8211261D13099B191 /* Pods_EmpireMobileAppUITests.framework in Frameworks */,
			);
			runOnlyForDeploymentPostprocessing = 0;
		};
/* End PBXFrameworksBuildPhase section */

/* Begin PBXGroup section */
		9FB8970E235231BD004C3B85 = {
			isa = PBXGroup;
			children = (
				9FB897B723533E94004C3B85 /* Default-568h@2x.png */,
				9FB89719235231BD004C3B85 /* EmpireMobileApp */,
				9FB89730235231C1004C3B85 /* EmpireMobileAppTests */,
				9FB8973B235231C1004C3B85 /* EmpireMobileAppUITests */,
				9FB89718235231BD004C3B85 /* Products */,
				B0751295CF04E97307155B91 /* Pods */,
				C610311410A25AD64B80CC3C /* Frameworks */,
			);
			sourceTree = "<group>";
		};
		9FB89718235231BD004C3B85 /* Products */ = {
			isa = PBXGroup;
			children = (
				9FB89717235231BD004C3B85 /* EmpireMobileApp.app */,
				9FB8972D235231C1004C3B85 /* EmpireMobileAppTests.xctest */,
				9FB89738235231C1004C3B85 /* EmpireMobileAppUITests.xctest */,
			);
			name = Products;
			sourceTree = "<group>";
		};
		9FB89719235231BD004C3B85 /* EmpireMobileApp */ = {
			isa = PBXGroup;
			children = (
				9FB89728235231C0004C3B85 /* Info.plist */,
				9FB8974F23523614004C3B85 /* Data */,
				9FB8974B2352339D004C3B85 /* Domain */,
				9FB8974A23523393004C3B85 /* App */,
			);
			path = EmpireMobileApp;
			sourceTree = "<group>";
		};
		9FB89730235231C1004C3B85 /* EmpireMobileAppTests */ = {
			isa = PBXGroup;
			children = (
				9FB897C32354A9D1004C3B85 /* Mock.generated.swift */,
				9FB89733235231C1004C3B85 /* Info.plist */,
				9FB897C52354AEC5004C3B85 /* TripListViewModelTests.swift */,
				9FB897C72354AEEE004C3B85 /* TripDetailViewModelTests.swift */,
			);
			path = EmpireMobileAppTests;
			sourceTree = "<group>";
		};
		9FB8973B235231C1004C3B85 /* EmpireMobileAppUITests */ = {
			isa = PBXGroup;
			children = (
				9FB8973C235231C1004C3B85 /* EmpireMobileAppUITests.swift */,
				9FB8973E235231C1004C3B85 /* Info.plist */,
			);
			path = EmpireMobileAppUITests;
			sourceTree = "<group>";
		};
		9FB8974A23523393004C3B85 /* App */ = {
			isa = PBXGroup;
			children = (
				9FB8971A235231BD004C3B85 /* AppDelegate.swift */,
				9FB8974E235233B7004C3B85 /* Resources */,
				9FB8974D235233B1004C3B85 /* UI */,
			);
			path = App;
			sourceTree = "<group>";
		};
		9FB8974B2352339D004C3B85 /* Domain */ = {
			isa = PBXGroup;
			children = (
				9FB8978C23528C88004C3B85 /* UseCases */,
				9FB8978B23528C54004C3B85 /* Repositories */,
				9FB8977C2352589C004C3B85 /* Entities */,
			);
			path = Domain;
			sourceTree = "<group>";
		};
		9FB8974D235233B1004C3B85 /* UI */ = {
			isa = PBXGroup;
			children = (
				9FB897BE23537647004C3B85 /* Base */,
				9FB897BB235359F8004C3B85 /* Trips */,
				9FB897AF235322D7004C3B85 /* ReusableComponents */,
			);
			path = UI;
			sourceTree = "<group>";
		};
		9FB8974E235233B7004C3B85 /* Resources */ = {
			isa = PBXGroup;
			children = (
				9FB89725235231C0004C3B85 /* LaunchScreen.storyboard */,
				9FB89723235231C0004C3B85 /* Assets.xcassets */,
			);
			path = Resources;
			sourceTree = "<group>";
		};
		9FB8974F23523614004C3B85 /* Data */ = {
			isa = PBXGroup;
			children = (
				9FB8975023523614004C3B85 /* Network */,
				9FB8975823523614004C3B85 /* Repositories */,
				9FB8975C23523614004C3B85 /* Entities */,
			);
			path = Data;
			sourceTree = "<group>";
		};
		9FB8975023523614004C3B85 /* Network */ = {
			isa = PBXGroup;
			children = (
				9FB8975323523614004C3B85 /* Base */,
				9FB8975123523614004C3B85 /* Service */,
			);
			path = Network;
			sourceTree = "<group>";
		};
		9FB8975123523614004C3B85 /* Service */ = {
			isa = PBXGroup;
			children = (
				9FB8975223523614004C3B85 /* AppService.swift */,
			);
			path = Service;
			sourceTree = "<group>";
		};
		9FB8975323523614004C3B85 /* Base */ = {
			isa = PBXGroup;
			children = (
				9FB8975423523614004C3B85 /* Network.swift */,
				9FB8975523523614004C3B85 /* NetworkRequest.swift */,
				9FB8975623523614004C3B85 /* NetworkProxy.swift */,
				9FB8975723523614004C3B85 /* NetworkConstants.swift */,
			);
			path = Base;
			sourceTree = "<group>";
		};
		9FB8975823523614004C3B85 /* Repositories */ = {
			isa = PBXGroup;
			children = (
				9FB8979323528F48004C3B85 /* TripRepositoryImpl.swift */,
			);
			path = Repositories;
			sourceTree = "<group>";
		};
		9FB8975C23523614004C3B85 /* Entities */ = {
			isa = PBXGroup;
			children = (
				9FB8976023523614004C3B85 /* Mappers */,
				9FB897722352527E004C3B85 /* PilotEntity.swift */,
				9FB89774235252A1004C3B85 /* DistanceEntity.swift */,
				9FB89776235252B6004C3B85 /* LocationEntity.swift */,
				9FB89778235252CC004C3B85 /* TripEntity.swift */,
			);
			path = Entities;
			sourceTree = "<group>";
		};
		9FB8976023523614004C3B85 /* Mappers */ = {
			isa = PBXGroup;
			children = (
				9FB8977A235257C3004C3B85 /* PilotEntityDataMapper.swift */,
				9FB8978523525B05004C3B85 /* DistanceEntityDataMapper.swift */,
				9FB8978723525B13004C3B85 /* LocationEntityDataMapper.swift */,
				9FB8978923525B1E004C3B85 /* TripEntityDataMapper.swift */,
			);
			path = Mappers;
			sourceTree = "<group>";
		};
		9FB8977C2352589C004C3B85 /* Entities */ = {
			isa = PBXGroup;
			children = (
				9FB8977D235258AE004C3B85 /* Pilot.swift */,
				9FB8977F235258E0004C3B85 /* Distance.swift */,
				9FB8978123525941004C3B85 /* Location.swift */,
				9FB897832352597B004C3B85 /* Trip.swift */,
			);
			path = Entities;
			sourceTree = "<group>";
		};
		9FB8978B23528C54004C3B85 /* Repositories */ = {
			isa = PBXGroup;
			children = (
				9FB8978D23528CBA004C3B85 /* TripRepository.swift */,
			);
			path = Repositories;
			sourceTree = "<group>";
		};
		9FB8978C23528C88004C3B85 /* UseCases */ = {
			isa = PBXGroup;
			children = (
				9FB8979123528EE6004C3B85 /* BaseUseCase.swift */,
				9FB8978F23528D3B004C3B85 /* GetTripsUseCase.swift */,
				9FB89796235291D1004C3B85 /* GetTripUseCase.swift */,
			);
			path = UseCases;
			sourceTree = "<group>";
		};
		9FB8979823531DBE004C3B85 /* TripList */ = {
			isa = PBXGroup;
			children = (
				9FB8979923531DC9004C3B85 /* TripCell */,
				9FB8979B23531E77004C3B85 /* TripListViewController.swift */,
				9FB8979C23531E77004C3B85 /* TripListViewController.xib */,
				9FB8979F23531E89004C3B85 /* TripListViewModel.swift */,
			);
			path = TripList;
			sourceTree = "<group>";
		};
		9FB8979923531DC9004C3B85 /* TripCell */ = {
			isa = PBXGroup;
			children = (
				9FB897A523531ECE004C3B85 /* TripCell.swift */,
				9FB897A623531ECE004C3B85 /* TripCell.xib */,
				9FB897B9235341AC004C3B85 /* TripCellViewModel.swift */,
			);
			path = TripCell;
			sourceTree = "<group>";
		};
		9FB8979A23531DD2004C3B85 /* TripDetail */ = {
			isa = PBXGroup;
			children = (
				9FB897A92353210C004C3B85 /* TripDetailViewController.swift */,
				9FB897AA2353210C004C3B85 /* TripDetailViewController.xib */,
				9FB897AD2353211D004C3B85 /* TripDetailViewModel.swift */,
			);
			path = TripDetail;
			sourceTree = "<group>";
		};
		9FB897AF235322D7004C3B85 /* ReusableComponents */ = {
			isa = PBXGroup;
			children = (
				9FB897B6235335C2004C3B85 /* RatingView */,
			);
			path = ReusableComponents;
			sourceTree = "<group>";
		};
		9FB897B6235335C2004C3B85 /* RatingView */ = {
			isa = PBXGroup;
			children = (
				9FB897B023532339004C3B85 /* RatingView.swift */,
				9FB897B22353234F004C3B85 /* RatingView.xib */,
				9FB897B42353261C004C3B85 /* RatingViewViewModel.swift */,
			);
			path = RatingView;
			sourceTree = "<group>";
		};
		9FB897BB235359F8004C3B85 /* Trips */ = {
			isa = PBXGroup;
			children = (
				9FB897BC23535A13004C3B85 /* TripCoordinator.swift */,
				9FB8979A23531DD2004C3B85 /* TripDetail */,
				9FB8979823531DBE004C3B85 /* TripList */,
			);
			path = Trips;
			sourceTree = "<group>";
		};
		9FB897BE23537647004C3B85 /* Base */ = {
			isa = PBXGroup;
			children = (
				9FB897BF23537657004C3B85 /* NibView.swift */,
				9FB897C123537696004C3B85 /* UIViewExtension.swift */,
			);
			path = Base;
			sourceTree = "<group>";
		};
		B0751295CF04E97307155B91 /* Pods */ = {
			isa = PBXGroup;
			children = (
				7BFDA84938F8D34E065A5E69 /* Pods-EmpireMobileApp.debug.xcconfig */,
				60003DA42FBB17B3408345D5 /* Pods-EmpireMobileApp.release.xcconfig */,
				6A313B1F1340DAB7900D26BF /* Pods-EmpireMobileAppTests.debug.xcconfig */,
				54455089E435D1BABE4390C5 /* Pods-EmpireMobileAppTests.release.xcconfig */,
				F43F8EA97ACCB8D23CA05C83 /* Pods-EmpireMobileAppUITests.debug.xcconfig */,
				A087C61F03B37DDE06FEDDAB /* Pods-EmpireMobileAppUITests.release.xcconfig */,
			);
			path = Pods;
			sourceTree = "<group>";
		};
		C610311410A25AD64B80CC3C /* Frameworks */ = {
			isa = PBXGroup;
			children = (
				E269977F6FB23FD14D146F86 /* Pods_EmpireMobileApp.framework */,
				C884EA6A4F7F3046121EA2A3 /* Pods_EmpireMobileAppTests.framework */,
				6326B5020A2D097ECB3E1FAD /* Pods_EmpireMobileAppUITests.framework */,
			);
			name = Frameworks;
			sourceTree = "<group>";
		};
/* End PBXGroup section */

/* Begin PBXNativeTarget section */
		9FB89716235231BD004C3B85 /* EmpireMobileApp */ = {
			isa = PBXNativeTarget;
			buildConfigurationList = 9FB89741235231C1004C3B85 /* Build configuration list for PBXNativeTarget "EmpireMobileApp" */;
			buildPhases = (
				62DFAEEAF901ADA0DBB8CEC6 /* [CP] Check Pods Manifest.lock */,
				9FB89713235231BD004C3B85 /* Sources */,
				9FB89714235231BD004C3B85 /* Frameworks */,
				9FB89715235231BD004C3B85 /* Resources */,
				6177356D696912686178587E /* [CP] Embed Pods Frameworks */,
			);
			buildRules = (
			);
			dependencies = (
			);
			name = EmpireMobileApp;
			productName = EmpireMobileApp;
			productReference = 9FB89717235231BD004C3B85 /* EmpireMobileApp.app */;
			productType = "com.apple.product-type.application";
		};
		9FB8972C235231C1004C3B85 /* EmpireMobileAppTests */ = {
			isa = PBXNativeTarget;
			buildConfigurationList = 9FB89744235231C1004C3B85 /* Build configuration list for PBXNativeTarget "EmpireMobileAppTests" */;
			buildPhases = (
				9AA67946FB7D44AC2E1BDD45 /* [CP] Check Pods Manifest.lock */,
				9FB89729235231C1004C3B85 /* Sources */,
				9FB8972A235231C1004C3B85 /* Frameworks */,
				9FB8972B235231C1004C3B85 /* Resources */,
				6257E4D9DFFACA87F1C0B7FB /* [CP] Embed Pods Frameworks */,
			);
			buildRules = (
			);
			dependencies = (
				9FB8972F235231C1004C3B85 /* PBXTargetDependency */,
			);
			name = EmpireMobileAppTests;
			productName = EmpireMobileAppTests;
			productReference = 9FB8972D235231C1004C3B85 /* EmpireMobileAppTests.xctest */;
			productType = "com.apple.product-type.bundle.unit-test";
		};
		9FB89737235231C1004C3B85 /* EmpireMobileAppUITests */ = {
			isa = PBXNativeTarget;
			buildConfigurationList = 9FB89747235231C1004C3B85 /* Build configuration list for PBXNativeTarget "EmpireMobileAppUITests" */;
			buildPhases = (
				0A7BE0ED31820C0E5D5C8477 /* [CP] Check Pods Manifest.lock */,
				9FB89734235231C1004C3B85 /* Sources */,
				9FB89735235231C1004C3B85 /* Frameworks */,
				9FB89736235231C1004C3B85 /* Resources */,
			);
			buildRules = (
			);
			dependencies = (
				9FB8973A235231C1004C3B85 /* PBXTargetDependency */,
			);
			name = EmpireMobileAppUITests;
			productName = EmpireMobileAppUITests;
			productReference = 9FB89738235231C1004C3B85 /* EmpireMobileAppUITests.xctest */;
			productType = "com.apple.product-type.bundle.ui-testing";
		};
/* End PBXNativeTarget section */

/* Begin PBXProject section */
		9FB8970F235231BD004C3B85 /* Project object */ = {
			isa = PBXProject;
			attributes = {
				LastSwiftUpdateCheck = 1110;
				LastUpgradeCheck = 1110;
				ORGANIZATIONNAME = "Rodrigo Nunes Gil";
				TargetAttributes = {
					9FB89716235231BD004C3B85 = {
						CreatedOnToolsVersion = 11.1;
					};
					9FB8972C235231C1004C3B85 = {
						CreatedOnToolsVersion = 11.1;
						TestTargetID = 9FB89716235231BD004C3B85;
					};
					9FB89737235231C1004C3B85 = {
						CreatedOnToolsVersion = 11.1;
						TestTargetID = 9FB89716235231BD004C3B85;
					};
				};
			};
			buildConfigurationList = 9FB89712235231BD004C3B85 /* Build configuration list for PBXProject "EmpireMobileApp" */;
			compatibilityVersion = "Xcode 9.3";
			developmentRegion = en;
			hasScannedForEncodings = 0;
			knownRegions = (
				en,
				Base,
			);
			mainGroup = 9FB8970E235231BD004C3B85;
			productRefGroup = 9FB89718235231BD004C3B85 /* Products */;
			projectDirPath = "";
			projectRoot = "";
			targets = (
				9FB89716235231BD004C3B85 /* EmpireMobileApp */,
				9FB8972C235231C1004C3B85 /* EmpireMobileAppTests */,
				9FB89737235231C1004C3B85 /* EmpireMobileAppUITests */,
			);
		};
/* End PBXProject section */

/* Begin PBXResourcesBuildPhase section */
		9FB89715235231BD004C3B85 /* Resources */ = {
			isa = PBXResourcesBuildPhase;
			buildActionMask = 2147483647;
			files = (
				9FB897AC2353210C004C3B85 /* TripDetailViewController.xib in Resources */,
				9FB897A823531ECE004C3B85 /* TripCell.xib in Resources */,
				9FB89727235231C0004C3B85 /* LaunchScreen.storyboard in Resources */,
				9FB89724235231C0004C3B85 /* Assets.xcassets in Resources */,
				9FB8979E23531E77004C3B85 /* TripListViewController.xib in Resources */,
				9FB897B823533E94004C3B85 /* Default-568h@2x.png in Resources */,
				9FB897B32353234F004C3B85 /* RatingView.xib in Resources */,
			);
			runOnlyForDeploymentPostprocessing = 0;
		};
		9FB8972B235231C1004C3B85 /* Resources */ = {
			isa = PBXResourcesBuildPhase;
			buildActionMask = 2147483647;
			files = (
			);
			runOnlyForDeploymentPostprocessing = 0;
		};
		9FB89736235231C1004C3B85 /* Resources */ = {
			isa = PBXResourcesBuildPhase;
			buildActionMask = 2147483647;
			files = (
			);
			runOnlyForDeploymentPostprocessing = 0;
		};
/* End PBXResourcesBuildPhase section */

/* Begin PBXShellScriptBuildPhase section */
		0A7BE0ED31820C0E5D5C8477 /* [CP] Check Pods Manifest.lock */ = {
			isa = PBXShellScriptBuildPhase;
			buildActionMask = 2147483647;
			files = (
			);
			inputFileListPaths = (
			);
			inputPaths = (
				"${PODS_PODFILE_DIR_PATH}/Podfile.lock",
				"${PODS_ROOT}/Manifest.lock",
			);
			name = "[CP] Check Pods Manifest.lock";
			outputFileListPaths = (
			);
			outputPaths = (
				"$(DERIVED_FILE_DIR)/Pods-EmpireMobileAppUITests-checkManifestLockResult.txt",
			);
			runOnlyForDeploymentPostprocessing = 0;
			shellPath = /bin/sh;
			shellScript = "diff \"${PODS_PODFILE_DIR_PATH}/Podfile.lock\" \"${PODS_ROOT}/Manifest.lock\" > /dev/null\nif [ $? != 0 ] ; then\n    # print error to STDERR\n    echo \"error: The sandbox is not in sync with the Podfile.lock. Run 'pod install' or update your CocoaPods installation.\" >&2\n    exit 1\nfi\n# This output is used by Xcode 'outputs' to avoid re-running this script phase.\necho \"SUCCESS\" > \"${SCRIPT_OUTPUT_FILE_0}\"\n";
			showEnvVarsInLog = 0;
		};
		6177356D696912686178587E /* [CP] Embed Pods Frameworks */ = {
			isa = PBXShellScriptBuildPhase;
			buildActionMask = 2147483647;
			files = (
			);
			inputFileListPaths = (
				"${PODS_ROOT}/Target Support Files/Pods-EmpireMobileApp/Pods-EmpireMobileApp-frameworks-${CONFIGURATION}-input-files.xcfilelist",
			);
			name = "[CP] Embed Pods Frameworks";
			outputFileListPaths = (
				"${PODS_ROOT}/Target Support Files/Pods-EmpireMobileApp/Pods-EmpireMobileApp-frameworks-${CONFIGURATION}-output-files.xcfilelist",
			);
			runOnlyForDeploymentPostprocessing = 0;
			shellPath = /bin/sh;
			shellScript = "\"${PODS_ROOT}/Target Support Files/Pods-EmpireMobileApp/Pods-EmpireMobileApp-frameworks.sh\"\n";
			showEnvVarsInLog = 0;
		};
		6257E4D9DFFACA87F1C0B7FB /* [CP] Embed Pods Frameworks */ = {
			isa = PBXShellScriptBuildPhase;
			buildActionMask = 2147483647;
			files = (
			);
			inputFileListPaths = (
				"${PODS_ROOT}/Target Support Files/Pods-EmpireMobileAppTests/Pods-EmpireMobileAppTests-frameworks-${CONFIGURATION}-input-files.xcfilelist",
			);
			name = "[CP] Embed Pods Frameworks";
			outputFileListPaths = (
				"${PODS_ROOT}/Target Support Files/Pods-EmpireMobileAppTests/Pods-EmpireMobileAppTests-frameworks-${CONFIGURATION}-output-files.xcfilelist",
			);
			runOnlyForDeploymentPostprocessing = 0;
			shellPath = /bin/sh;
			shellScript = "\"${PODS_ROOT}/Target Support Files/Pods-EmpireMobileAppTests/Pods-EmpireMobileAppTests-frameworks.sh\"\n";
			showEnvVarsInLog = 0;
		};
		62DFAEEAF901ADA0DBB8CEC6 /* [CP] Check Pods Manifest.lock */ = {
			isa = PBXShellScriptBuildPhase;
			buildActionMask = 2147483647;
			files = (
			);
			inputFileListPaths = (
			);
			inputPaths = (
				"${PODS_PODFILE_DIR_PATH}/Podfile.lock",
				"${PODS_ROOT}/Manifest.lock",
			);
			name = "[CP] Check Pods Manifest.lock";
			outputFileListPaths = (
			);
			outputPaths = (
				"$(DERIVED_FILE_DIR)/Pods-EmpireMobileApp-checkManifestLockResult.txt",
			);
			runOnlyForDeploymentPostprocessing = 0;
			shellPath = /bin/sh;
			shellScript = "diff \"${PODS_PODFILE_DIR_PATH}/Podfile.lock\" \"${PODS_ROOT}/Manifest.lock\" > /dev/null\nif [ $? != 0 ] ; then\n    # print error to STDERR\n    echo \"error: The sandbox is not in sync with the Podfile.lock. Run 'pod install' or update your CocoaPods installation.\" >&2\n    exit 1\nfi\n# This output is used by Xcode 'outputs' to avoid re-running this script phase.\necho \"SUCCESS\" > \"${SCRIPT_OUTPUT_FILE_0}\"\n";
			showEnvVarsInLog = 0;
		};
		9AA67946FB7D44AC2E1BDD45 /* [CP] Check Pods Manifest.lock */ = {
			isa = PBXShellScriptBuildPhase;
			buildActionMask = 2147483647;
			files = (
			);
			inputFileListPaths = (
			);
			inputPaths = (
				"${PODS_PODFILE_DIR_PATH}/Podfile.lock",
				"${PODS_ROOT}/Manifest.lock",
			);
			name = "[CP] Check Pods Manifest.lock";
			outputFileListPaths = (
			);
			outputPaths = (
				"$(DERIVED_FILE_DIR)/Pods-EmpireMobileAppTests-checkManifestLockResult.txt",
			);
			runOnlyForDeploymentPostprocessing = 0;
			shellPath = /bin/sh;
			shellScript = "diff \"${PODS_PODFILE_DIR_PATH}/Podfile.lock\" \"${PODS_ROOT}/Manifest.lock\" > /dev/null\nif [ $? != 0 ] ; then\n    # print error to STDERR\n    echo \"error: The sandbox is not in sync with the Podfile.lock. Run 'pod install' or update your CocoaPods installation.\" >&2\n    exit 1\nfi\n# This output is used by Xcode 'outputs' to avoid re-running this script phase.\necho \"SUCCESS\" > \"${SCRIPT_OUTPUT_FILE_0}\"\n";
			showEnvVarsInLog = 0;
		};
/* End PBXShellScriptBuildPhase section */

/* Begin PBXSourcesBuildPhase section */
		9FB89713235231BD004C3B85 /* Sources */ = {
			isa = PBXSourcesBuildPhase;
			buildActionMask = 2147483647;
			files = (
				9FB8978623525B05004C3B85 /* DistanceEntityDataMapper.swift in Sources */,
				9FB897842352597B004C3B85 /* Trip.swift in Sources */,
				9FB8978E23528CBA004C3B85 /* TripRepository.swift in Sources */,
				9FB8976823523614004C3B85 /* NetworkConstants.swift in Sources */,
				9FB897732352527E004C3B85 /* PilotEntity.swift in Sources */,
				9FB897C023537657004C3B85 /* NibView.swift in Sources */,
				9FB8979223528EE6004C3B85 /* BaseUseCase.swift in Sources */,
				9FB897AE2353211D004C3B85 /* TripDetailViewModel.swift in Sources */,
				9FB897C223537696004C3B85 /* UIViewExtension.swift in Sources */,
				9FB8978A23525B1E004C3B85 /* TripEntityDataMapper.swift in Sources */,
				9FB897BA235341AC004C3B85 /* TripCellViewModel.swift in Sources */,
				9FB8977E235258AE004C3B85 /* Pilot.swift in Sources */,
				9FB8979023528D3B004C3B85 /* GetTripsUseCase.swift in Sources */,
				9FB8979D23531E77004C3B85 /* TripListViewController.swift in Sources */,
				9FB8971B235231BD004C3B85 /* AppDelegate.swift in Sources */,
				9FB897B123532339004C3B85 /* RatingView.swift in Sources */,
				9FB89780235258E0004C3B85 /* Distance.swift in Sources */,
				9FB8976423523614004C3B85 /* AppService.swift in Sources */,
				9FB8978223525941004C3B85 /* Location.swift in Sources */,
				9FB897B52353261C004C3B85 /* RatingViewViewModel.swift in Sources */,
				9FB89797235291D1004C3B85 /* GetTripUseCase.swift in Sources */,
				9FB897BD23535A13004C3B85 /* TripCoordinator.swift in Sources */,
				9FB8976723523614004C3B85 /* NetworkProxy.swift in Sources */,
				9FB8976623523614004C3B85 /* NetworkRequest.swift in Sources */,
				9FB8976523523614004C3B85 /* Network.swift in Sources */,
				9FB8979423528F48004C3B85 /* TripRepositoryImpl.swift in Sources */,
				9FB89777235252B6004C3B85 /* LocationEntity.swift in Sources */,
				9FB897A023531E89004C3B85 /* TripListViewModel.swift in Sources */,
				9FB8978823525B13004C3B85 /* LocationEntityDataMapper.swift in Sources */,
				9FB897A723531ECE004C3B85 /* TripCell.swift in Sources */,
				9FB89775235252A1004C3B85 /* DistanceEntity.swift in Sources */,
				9FB897AB2353210C004C3B85 /* TripDetailViewController.swift in Sources */,
				9FB89779235252CC004C3B85 /* TripEntity.swift in Sources */,
				9FB8977B235257C3004C3B85 /* PilotEntityDataMapper.swift in Sources */,
			);
			runOnlyForDeploymentPostprocessing = 0;
		};
		9FB89729235231C1004C3B85 /* Sources */ = {
			isa = PBXSourcesBuildPhase;
			buildActionMask = 2147483647;
			files = (
				9FB897C42354A9D1004C3B85 /* Mock.generated.swift in Sources */,
				9FB897C82354AEEE004C3B85 /* TripDetailViewModelTests.swift in Sources */,
				9FB897C62354AEC5004C3B85 /* TripListViewModelTests.swift in Sources */,
			);
			runOnlyForDeploymentPostprocessing = 0;
		};
		9FB89734235231C1004C3B85 /* Sources */ = {
			isa = PBXSourcesBuildPhase;
			buildActionMask = 2147483647;
			files = (
				9FB8973D235231C1004C3B85 /* EmpireMobileAppUITests.swift in Sources */,
			);
			runOnlyForDeploymentPostprocessing = 0;
		};
/* End PBXSourcesBuildPhase section */

/* Begin PBXTargetDependency section */
		9FB8972F235231C1004C3B85 /* PBXTargetDependency */ = {
			isa = PBXTargetDependency;
			target = 9FB89716235231BD004C3B85 /* EmpireMobileApp */;
			targetProxy = 9FB8972E235231C1004C3B85 /* PBXContainerItemProxy */;
		};
		9FB8973A235231C1004C3B85 /* PBXTargetDependency */ = {
			isa = PBXTargetDependency;
			target = 9FB89716235231BD004C3B85 /* EmpireMobileApp */;
			targetProxy = 9FB89739235231C1004C3B85 /* PBXContainerItemProxy */;
		};
/* End PBXTargetDependency section */

/* Begin PBXVariantGroup section */
		9FB89725235231C0004C3B85 /* LaunchScreen.storyboard */ = {
			isa = PBXVariantGroup;
			children = (
				9FB89726235231C0004C3B85 /* Base */,
			);
			name = LaunchScreen.storyboard;
			sourceTree = "<group>";
		};
/* End PBXVariantGroup section */

/* Begin XCBuildConfiguration section */
		9FB8973F235231C1004C3B85 /* Debug */ = {
			isa = XCBuildConfiguration;
			buildSettings = {
				ALWAYS_SEARCH_USER_PATHS = NO;
				CLANG_ANALYZER_NONNULL = YES;
				CLANG_ANALYZER_NUMBER_OBJECT_CONVERSION = YES_AGGRESSIVE;
				CLANG_CXX_LANGUAGE_STANDARD = "gnu++14";
				CLANG_CXX_LIBRARY = "libc++";
				CLANG_ENABLE_MODULES = YES;
				CLANG_ENABLE_OBJC_ARC = YES;
				CLANG_ENABLE_OBJC_WEAK = YES;
				CLANG_WARN_BLOCK_CAPTURE_AUTORELEASING = YES;
				CLANG_WARN_BOOL_CONVERSION = YES;
				CLANG_WARN_COMMA = YES;
				CLANG_WARN_CONSTANT_CONVERSION = YES;
				CLANG_WARN_DEPRECATED_OBJC_IMPLEMENTATIONS = YES;
				CLANG_WARN_DIRECT_OBJC_ISA_USAGE = YES_ERROR;
				CLANG_WARN_DOCUMENTATION_COMMENTS = YES;
				CLANG_WARN_EMPTY_BODY = YES;
				CLANG_WARN_ENUM_CONVERSION = YES;
				CLANG_WARN_INFINITE_RECURSION = YES;
				CLANG_WARN_INT_CONVERSION = YES;
				CLANG_WARN_NON_LITERAL_NULL_CONVERSION = YES;
				CLANG_WARN_OBJC_IMPLICIT_RETAIN_SELF = YES;
				CLANG_WARN_OBJC_LITERAL_CONVERSION = YES;
				CLANG_WARN_OBJC_ROOT_CLASS = YES_ERROR;
				CLANG_WARN_RANGE_LOOP_ANALYSIS = YES;
				CLANG_WARN_STRICT_PROTOTYPES = YES;
				CLANG_WARN_SUSPICIOUS_MOVE = YES;
				CLANG_WARN_UNGUARDED_AVAILABILITY = YES_AGGRESSIVE;
				CLANG_WARN_UNREACHABLE_CODE = YES;
				CLANG_WARN__DUPLICATE_METHOD_MATCH = YES;
				COPY_PHASE_STRIP = NO;
				DEBUG_INFORMATION_FORMAT = dwarf;
				ENABLE_STRICT_OBJC_MSGSEND = YES;
				ENABLE_TESTABILITY = YES;
				GCC_C_LANGUAGE_STANDARD = gnu11;
				GCC_DYNAMIC_NO_PIC = NO;
				GCC_NO_COMMON_BLOCKS = YES;
				GCC_OPTIMIZATION_LEVEL = 0;
				GCC_PREPROCESSOR_DEFINITIONS = (
					"DEBUG=1",
					"$(inherited)",
				);
				GCC_WARN_64_TO_32_BIT_CONVERSION = YES;
				GCC_WARN_ABOUT_RETURN_TYPE = YES_ERROR;
				GCC_WARN_UNDECLARED_SELECTOR = YES;
				GCC_WARN_UNINITIALIZED_AUTOS = YES_AGGRESSIVE;
				GCC_WARN_UNUSED_FUNCTION = YES;
				GCC_WARN_UNUSED_VARIABLE = YES;
				IPHONEOS_DEPLOYMENT_TARGET = 11.0;
				MTL_ENABLE_DEBUG_INFO = INCLUDE_SOURCE;
				MTL_FAST_MATH = YES;
				ONLY_ACTIVE_ARCH = YES;
				SDKROOT = iphoneos;
				SWIFT_ACTIVE_COMPILATION_CONDITIONS = DEBUG;
				SWIFT_OPTIMIZATION_LEVEL = "-Onone";
			};
			name = Debug;
		};
		9FB89740235231C1004C3B85 /* Release */ = {
			isa = XCBuildConfiguration;
			buildSettings = {
				ALWAYS_SEARCH_USER_PATHS = NO;
				CLANG_ANALYZER_NONNULL = YES;
				CLANG_ANALYZER_NUMBER_OBJECT_CONVERSION = YES_AGGRESSIVE;
				CLANG_CXX_LANGUAGE_STANDARD = "gnu++14";
				CLANG_CXX_LIBRARY = "libc++";
				CLANG_ENABLE_MODULES = YES;
				CLANG_ENABLE_OBJC_ARC = YES;
				CLANG_ENABLE_OBJC_WEAK = YES;
				CLANG_WARN_BLOCK_CAPTURE_AUTORELEASING = YES;
				CLANG_WARN_BOOL_CONVERSION = YES;
				CLANG_WARN_COMMA = YES;
				CLANG_WARN_CONSTANT_CONVERSION = YES;
				CLANG_WARN_DEPRECATED_OBJC_IMPLEMENTATIONS = YES;
				CLANG_WARN_DIRECT_OBJC_ISA_USAGE = YES_ERROR;
				CLANG_WARN_DOCUMENTATION_COMMENTS = YES;
				CLANG_WARN_EMPTY_BODY = YES;
				CLANG_WARN_ENUM_CONVERSION = YES;
				CLANG_WARN_INFINITE_RECURSION = YES;
				CLANG_WARN_INT_CONVERSION = YES;
				CLANG_WARN_NON_LITERAL_NULL_CONVERSION = YES;
				CLANG_WARN_OBJC_IMPLICIT_RETAIN_SELF = YES;
				CLANG_WARN_OBJC_LITERAL_CONVERSION = YES;
				CLANG_WARN_OBJC_ROOT_CLASS = YES_ERROR;
				CLANG_WARN_RANGE_LOOP_ANALYSIS = YES;
				CLANG_WARN_STRICT_PROTOTYPES = YES;
				CLANG_WARN_SUSPICIOUS_MOVE = YES;
				CLANG_WARN_UNGUARDED_AVAILABILITY = YES_AGGRESSIVE;
				CLANG_WARN_UNREACHABLE_CODE = YES;
				CLANG_WARN__DUPLICATE_METHOD_MATCH = YES;
				COPY_PHASE_STRIP = NO;
				DEBUG_INFORMATION_FORMAT = "dwarf-with-dsym";
				ENABLE_NS_ASSERTIONS = NO;
				ENABLE_STRICT_OBJC_MSGSEND = YES;
				GCC_C_LANGUAGE_STANDARD = gnu11;
				GCC_NO_COMMON_BLOCKS = YES;
				GCC_WARN_64_TO_32_BIT_CONVERSION = YES;
				GCC_WARN_ABOUT_RETURN_TYPE = YES_ERROR;
				GCC_WARN_UNDECLARED_SELECTOR = YES;
				GCC_WARN_UNINITIALIZED_AUTOS = YES_AGGRESSIVE;
				GCC_WARN_UNUSED_FUNCTION = YES;
				GCC_WARN_UNUSED_VARIABLE = YES;
				IPHONEOS_DEPLOYMENT_TARGET = 11.0;
				MTL_ENABLE_DEBUG_INFO = NO;
				MTL_FAST_MATH = YES;
				SDKROOT = iphoneos;
				SWIFT_COMPILATION_MODE = wholemodule;
				SWIFT_OPTIMIZATION_LEVEL = "-O";
				VALIDATE_PRODUCT = YES;
			};
			name = Release;
		};
		9FB89742235231C1004C3B85 /* Debug */ = {
			isa = XCBuildConfiguration;
			baseConfigurationReference = 7BFDA84938F8D34E065A5E69 /* Pods-EmpireMobileApp.debug.xcconfig */;
			buildSettings = {
				ASSETCATALOG_COMPILER_APPICON_NAME = AppIcon;
				CODE_SIGN_STYLE = Automatic;
				DEVELOPMENT_TEAM = WULF96SQ4T;
				INFOPLIST_FILE = EmpireMobileApp/Info.plist;
				IPHONEOS_DEPLOYMENT_TARGET = 11.0;
				LD_RUNPATH_SEARCH_PATHS = (
					"$(inherited)",
					"@executable_path/Frameworks",
				);
				PRODUCT_BUNDLE_IDENTIFIER = com.rodrigonunesgil.EmpireMobileApp;
				PRODUCT_NAME = "$(TARGET_NAME)";
				SWIFT_VERSION = 5.0;
				TARGETED_DEVICE_FAMILY = "1,2";
			};
			name = Debug;
		};
		9FB89743235231C1004C3B85 /* Release */ = {
			isa = XCBuildConfiguration;
			baseConfigurationReference = 60003DA42FBB17B3408345D5 /* Pods-EmpireMobileApp.release.xcconfig */;
			buildSettings = {
				ASSETCATALOG_COMPILER_APPICON_NAME = AppIcon;
				CODE_SIGN_STYLE = Automatic;
				DEVELOPMENT_TEAM = WULF96SQ4T;
				INFOPLIST_FILE = EmpireMobileApp/Info.plist;
				IPHONEOS_DEPLOYMENT_TARGET = 11.0;
				LD_RUNPATH_SEARCH_PATHS = (
					"$(inherited)",
					"@executable_path/Frameworks",
				);
				PRODUCT_BUNDLE_IDENTIFIER = com.rodrigonunesgil.EmpireMobileApp;
				PRODUCT_NAME = "$(TARGET_NAME)";
				SWIFT_VERSION = 5.0;
				TARGETED_DEVICE_FAMILY = "1,2";
			};
			name = Release;
		};
		9FB89745235231C1004C3B85 /* Debug */ = {
			isa = XCBuildConfiguration;
			baseConfigurationReference = 6A313B1F1340DAB7900D26BF /* Pods-EmpireMobileAppTests.debug.xcconfig */;
			buildSettings = {
				ALWAYS_EMBED_SWIFT_STANDARD_LIBRARIES = YES;
				BUNDLE_LOADER = "$(TEST_HOST)";
				CODE_SIGN_STYLE = Automatic;
				DEVELOPMENT_TEAM = WULF96SQ4T;
				INFOPLIST_FILE = EmpireMobileAppTests/Info.plist;
				IPHONEOS_DEPLOYMENT_TARGET = 13.1;
				LD_RUNPATH_SEARCH_PATHS = (
					"$(inherited)",
					"@executable_path/Frameworks",
					"@loader_path/Frameworks",
				);
				PRODUCT_BUNDLE_IDENTIFIER = com.rodrigonunesgil.EmpireMobileAppTests;
				PRODUCT_NAME = "$(TARGET_NAME)";
				SWIFT_VERSION = 5.0;
				TARGETED_DEVICE_FAMILY = "1,2";
				TEST_HOST = "$(BUILT_PRODUCTS_DIR)/EmpireMobileApp.app/EmpireMobileApp";
			};
			name = Debug;
		};
		9FB89746235231C1004C3B85 /* Release */ = {
			isa = XCBuildConfiguration;
			baseConfigurationReference = 54455089E435D1BABE4390C5 /* Pods-EmpireMobileAppTests.release.xcconfig */;
			buildSettings = {
				ALWAYS_EMBED_SWIFT_STANDARD_LIBRARIES = YES;
				BUNDLE_LOADER = "$(TEST_HOST)";
				CODE_SIGN_STYLE = Automatic;
				DEVELOPMENT_TEAM = WULF96SQ4T;
				INFOPLIST_FILE = EmpireMobileAppTests/Info.plist;
				IPHONEOS_DEPLOYMENT_TARGET = 13.1;
				LD_RUNPATH_SEARCH_PATHS = (
					"$(inherited)",
					"@executable_path/Frameworks",
					"@loader_path/Frameworks",
				);
				PRODUCT_BUNDLE_IDENTIFIER = com.rodrigonunesgil.EmpireMobileAppTests;
				PRODUCT_NAME = "$(TARGET_NAME)";
				SWIFT_VERSION = 5.0;
				TARGETED_DEVICE_FAMILY = "1,2";
				TEST_HOST = "$(BUILT_PRODUCTS_DIR)/EmpireMobileApp.app/EmpireMobileApp";
			};
			name = Release;
		};
		9FB89748235231C1004C3B85 /* Debug */ = {
			isa = XCBuildConfiguration;
			baseConfigurationReference = F43F8EA97ACCB8D23CA05C83 /* Pods-EmpireMobileAppUITests.debug.xcconfig */;
			buildSettings = {
				ALWAYS_EMBED_SWIFT_STANDARD_LIBRARIES = YES;
				CODE_SIGN_STYLE = Automatic;
				DEVELOPMENT_TEAM = WULF96SQ4T;
				INFOPLIST_FILE = EmpireMobileAppUITests/Info.plist;
				LD_RUNPATH_SEARCH_PATHS = (
					"$(inherited)",
					"@executable_path/Frameworks",
					"@loader_path/Frameworks",
				);
				PRODUCT_BUNDLE_IDENTIFIER = com.rodrigonunesgil.EmpireMobileAppUITests;
				PRODUCT_NAME = "$(TARGET_NAME)";
				SWIFT_VERSION = 5.0;
				TARGETED_DEVICE_FAMILY = "1,2";
				TEST_TARGET_NAME = EmpireMobileApp;
			};
			name = Debug;
		};
		9FB89749235231C1004C3B85 /* Release */ = {
			isa = XCBuildConfiguration;
			baseConfigurationReference = A087C61F03B37DDE06FEDDAB /* Pods-EmpireMobileAppUITests.release.xcconfig */;
			buildSettings = {
				ALWAYS_EMBED_SWIFT_STANDARD_LIBRARIES = YES;
				CODE_SIGN_STYLE = Automatic;
				DEVELOPMENT_TEAM = WULF96SQ4T;
				INFOPLIST_FILE = EmpireMobileAppUITests/Info.plist;
				LD_RUNPATH_SEARCH_PATHS = (
					"$(inherited)",
					"@executable_path/Frameworks",
					"@loader_path/Frameworks",
				);
				PRODUCT_BUNDLE_IDENTIFIER = com.rodrigonunesgil.EmpireMobileAppUITests;
				PRODUCT_NAME = "$(TARGET_NAME)";
				SWIFT_VERSION = 5.0;
				TARGETED_DEVICE_FAMILY = "1,2";
				TEST_TARGET_NAME = EmpireMobileApp;
			};
			name = Release;
		};
/* End XCBuildConfiguration section */

/* Begin XCConfigurationList section */
		9FB89712235231BD004C3B85 /* Build configuration list for PBXProject "EmpireMobileApp" */ = {
			isa = XCConfigurationList;
			buildConfigurations = (
				9FB8973F235231C1004C3B85 /* Debug */,
				9FB89740235231C1004C3B85 /* Release */,
			);
			defaultConfigurationIsVisible = 0;
			defaultConfigurationName = Release;
		};
		9FB89741235231C1004C3B85 /* Build configuration list for PBXNativeTarget "EmpireMobileApp" */ = {
			isa = XCConfigurationList;
			buildConfigurations = (
				9FB89742235231C1004C3B85 /* Debug */,
				9FB89743235231C1004C3B85 /* Release */,
			);
			defaultConfigurationIsVisible = 0;
			defaultConfigurationName = Release;
		};
		9FB89744235231C1004C3B85 /* Build configuration list for PBXNativeTarget "EmpireMobileAppTests" */ = {
			isa = XCConfigurationList;
			buildConfigurations = (
				9FB89745235231C1004C3B85 /* Debug */,
				9FB89746235231C1004C3B85 /* Release */,
			);
			defaultConfigurationIsVisible = 0;
			defaultConfigurationName = Release;
		};
		9FB89747235231C1004C3B85 /* Build configuration list for PBXNativeTarget "EmpireMobileAppUITests" */ = {
			isa = XCConfigurationList;
			buildConfigurations = (
				9FB89748235231C1004C3B85 /* Debug */,
				9FB89749235231C1004C3B85 /* Release */,
			);
			defaultConfigurationIsVisible = 0;
			defaultConfigurationName = Release;
		};
/* End XCConfigurationList section */
	};
	rootObject = 9FB8970F235231BD004C3B85 /* Project object */;
}
